
Microsoft Visual Studio Solution File, Format Version 12.00
# Visual Studio Version 16
VisualStudioVersion = 16.0.29806.167
MinimumVisualStudioVersion = 10.0.40219.1
Project("{9A19103F-16F7-4668-BE54-9A1E7A4F7556}") = "SecretBase", "SecretBase\SecretBase.csproj", "{4C57A57C-E53C-40C2-8B28-9166BC74EC80}"
EndProject
Project("{9A19103F-16F7-4668-BE54-9A1E7A4F7556}") = "[TMX] SecretBase_Locations", "[TMX] SecretBase_Locations\[TMX] SecretBase_Locations.csproj", "{B571557C-6D5C-4B47-BEE1-E27092046091}"
EndProject
Global
	GlobalSection(SolutionConfigurationPlatforms) = preSolution
		Debug|Any CPU = Debug|Any CPU
		Debug|x86 = Debug|x86
		Release|Any CPU = Release|Any CPU
		Release|x86 = Release|x86
	EndGlobalSection
	GlobalSection(ProjectConfigurationPlatforms) = postSolution
		{4C57A57C-E53C-40C2-8B28-9166BC74EC80}.Debug|Any CPU.ActiveCfg = Debug|x86
		{4C57A57C-E53C-40C2-8B28-9166BC74EC80}.Debug|x86.ActiveCfg = Debug|x86
		{4C57A57C-E53C-40C2-8B28-9166BC74EC80}.Debug|x86.Build.0 = Debug|x86
		{4C57A57C-E53C-40C2-8B28-9166BC74EC80}.Release|Any CPU.ActiveCfg = Release|x86
		{4C57A57C-E53C-40C2-8B28-9166BC74EC80}.Release|x86.ActiveCfg = Debug|x86
		{4C57A57C-E53C-40C2-8B28-9166BC74EC80}.Release|x86.Build.0 = Debug|x86
		{B571557C-6D5C-4B47-BEE1-E27092046091}.Debug|Any CPU.ActiveCfg = Debug|x86
		{B571557C-6D5C-4B47-BEE1-E27092046091}.Debug|x86.ActiveCfg = Debug|x86
		{B571557C-6D5C-4B47-BEE1-E27092046091}.Debug|x86.Build.0 = Debug|x86
		{B571557C-6D5C-4B47-BEE1-E27092046091}.Release|Any CPU.ActiveCfg = Release|x86
		{B571557C-6D5C-4B47-BEE1-E27092046091}.Release|x86.ActiveCfg = Release|x86
		{B571557C-6D5C-4B47-BEE1-E27092046091}.Release|x86.Build.0 = Release|x86
	EndGlobalSection
	GlobalSection(SolutionProperties) = preSolution
		HideSolutionNode = FALSE
	EndGlobalSection
	GlobalSection(ExtensibilityGlobals) = postSolution
		SolutionGuid = {284BC0B4-5C59-4AC5-BEE4-3A02A3CD3049}
	EndGlobalSection
EndGlobal
